
Microsoft Visual Studio Solution File, Format Version 12.00
# Visual Studio Version 17
VisualStudioVersion = 17.3.32929.385
MinimumVisualStudioVersion = 10.0.40219.1
Project("{FAE04EC0-301F-11D3-BF4B-00C04F79EFBC}") = "Chatbot", "Chatbot\Chatbot.csproj", "{47AFE6BC-01CD-42CA-84F4-E07D941EEA50}"
EndProject
Global
	GlobalSection(SolutionConfigurationPlatforms) = preSolution
		Debug|Any CPU = Debug|Any CPU
		Release|Any CPU = Release|Any CPU
	EndGlobalSection
	GlobalSection(ProjectConfigurationPlatforms) = postSolution
		{47AFE6BC-01CD-42CA-84F4-E07D941EEA50}.Debug|Any CPU.ActiveCfg = Debug|Any CPU
		{47AFE6BC-01CD-42CA-84F4-E07D941EEA50}.Debug|Any CPU.Build.0 = Debug|Any CPU
		{47AFE6BC-01CD-42CA-84F4-E07D941EEA50}.Release|Any CPU.ActiveCfg = Release|Any CPU
		{47AFE6BC-01CD-42CA-84F4-E07D941EEA50}.Release|Any CPU.Build.0 = Release|Any CPU
	EndGlobalSection
	GlobalSection(SolutionProperties) = preSolution
		HideSolutionNode = FALSE
	EndGlobalSection
	GlobalSection(ExtensibilityGlobals) = postSolution
		SolutionGuid = {66DB54F3-F483-4D7D-A75F-CE2EEDB82420}
	EndGlobalSection
EndGlobal
